// !$*UTF8*$!
{
	archiveVersion = 1;
	classes = {
	};
	objectVersion = 50;
	objects = {

/* Begin PBXBuildFile section */
		657E0333226427FE0059C7FA /* AppDelegate.swift in Sources */ = {isa = PBXBuildFile; fileRef = 657E0332226427FE0059C7FA /* AppDelegate.swift */; };
		657E0335226427FE0059C7FA /* ViewController.swift in Sources */ = {isa = PBXBuildFile; fileRef = 657E0334226427FE0059C7FA /* ViewController.swift */; };
		657E0338226427FE0059C7FA /* Main.storyboard in Resources */ = {isa = PBXBuildFile; fileRef = 657E0336226427FE0059C7FA /* Main.storyboard */; };
		657E033A226427FE0059C7FA /* Assets.xcassets in Resources */ = {isa = PBXBuildFile; fileRef = 657E0339226427FE0059C7FA /* Assets.xcassets */; };
		657E033D226427FE0059C7FA /* LaunchScreen.storyboard in Resources */ = {isa = PBXBuildFile; fileRef = 657E033B226427FE0059C7FA /* LaunchScreen.storyboard */; };
		657E0348226427FE0059C7FA /* Type_TapTests.swift in Sources */ = {isa = PBXBuildFile; fileRef = 657E0347226427FE0059C7FA /* Type_TapTests.swift */; };
/* End PBXBuildFile section */

/* Begin PBXContainerItemProxy section */
		657E0344226427FE0059C7FA /* PBXContainerItemProxy */ = {
			isa = PBXContainerItemProxy;
			containerPortal = 657E0327226427FE0059C7FA /* Project object */;
			proxyType = 1;
			remoteGlobalIDString = 657E032E226427FE0059C7FA;
			remoteInfo = "Type-Tap";
		};
/* End PBXContainerItemProxy section */

/* Begin PBXFileReference section */
		657E032F226427FE0059C7FA /* Type-Tap.app */ = {isa = PBXFileReference; explicitFileType = wrapper.application; includeInIndex = 0; path = "Type-Tap.app"; sourceTree = BUILT_PRODUCTS_DIR; };
		657E0332226427FE0059C7FA /* AppDelegate.swift */ = {isa = PBXFileReference; lastKnownFileType = sourcecode.swift; path = AppDelegate.swift; sourceTree = "<group>"; };
		657E0334226427FE0059C7FA /* ViewController.swift */ = {isa = PBXFileReference; lastKnownFileType = sourcecode.swift; path = ViewController.swift; sourceTree = "<group>"; };
		657E0337226427FE0059C7FA /* Base */ = {isa = PBXFileReference; lastKnownFileType = file.storyboard; name = Base; path = Base.lproj/Main.storyboard; sourceTree = "<group>"; };
		657E0339226427FE0059C7FA /* Assets.xcassets */ = {isa = PBXFileReference; lastKnownFileType = folder.assetcatalog; path = Assets.xcassets; sourceTree = "<group>"; };
		657E033C226427FE0059C7FA /* Base */ = {isa = PBXFileReference; lastKnownFileType = file.storyboard; name = Base; path = Base.lproj/LaunchScreen.storyboard; sourceTree = "<group>"; };
		657E033E226427FE0059C7FA /* Info.plist */ = {isa = PBXFileReference; lastKnownFileType = text.plist.xml; path = Info.plist; sourceTree = "<group>"; };
		657E0343226427FE0059C7FA /* Type-TapTests.xctest */ = {isa = PBXFileReference; explicitFileType = wrapper.cfbundle; includeInIndex = 0; path = "Type-TapTests.xctest"; sourceTree = BUILT_PRODUCTS_DIR; };
		657E0347226427FE0059C7FA /* Type_TapTests.swift */ = {isa = PBXFileReference; lastKnownFileType = sourcecode.swift; path = Type_TapTests.swift; sourceTree = "<group>"; };
		657E0349226427FE0059C7FA /* Info.plist */ = {isa = PBXFileReference; lastKnownFileType = text.plist.xml; path = Info.plist; sourceTree = "<group>"; };
/* End PBXFileReference section */

/* Begin PBXFrameworksBuildPhase section */
		657E032C226427FE0059C7FA /* Frameworks */ = {
			isa = PBXFrameworksBuildPhase;
			buildActionMask = 2147483647;
			files = (
			);
			runOnlyForDeploymentPostprocessing = 0;
		};
		657E0340226427FE0059C7FA /* Frameworks */ = {
			isa = PBXFrameworksBuildPhase;
			buildActionMask = 2147483647;
			files = (
			);
			runOnlyForDeploymentPostprocessing = 0;
		};
/* End PBXFrameworksBuildPhase section */

/* Begin PBXGroup section */
		657E0326226427FE0059C7FA = {
			isa = PBXGroup;
			children = (
				657E0331226427FE0059C7FA /* Type-Tap */,
				657E0346226427FE0059C7FA /* Type-TapTests */,
				657E0330226427FE0059C7FA /* Products */,
			);
			sourceTree = "<group>";
		};
		657E0330226427FE0059C7FA /* Products */ = {
			isa = PBXGroup;
			children = (
				657E032F226427FE0059C7FA /* Type-Tap.app */,
				657E0343226427FE0059C7FA /* Type-TapTests.xctest */,
			);
			name = Products;
			sourceTree = "<group>";
		};
		657E0331226427FE0059C7FA /* Type-Tap */ = {
			isa = PBXGroup;
			children = (
				657E0332226427FE0059C7FA /* AppDelegate.swift */,
				657E0334226427FE0059C7FA /* ViewController.swift */,
				657E0336226427FE0059C7FA /* Main.storyboard */,
				657E0339226427FE0059C7FA /* Assets.xcassets */,
				657E033B226427FE0059C7FA /* LaunchScreen.storyboard */,
				657E033E226427FE0059C7FA /* Info.plist */,
			);
			path = "Type-Tap";
			sourceTree = "<group>";
		};
		657E0346226427FE0059C7FA /* Type-TapTests */ = {
			isa = PBXGroup;
			children = (
				657E0347226427FE0059C7FA /* Type_TapTests.swift */,
				657E0349226427FE0059C7FA /* Info.plist */,
			);
			path = "Type-TapTests";
			sourceTree = "<group>";
		};
/* End PBXGroup section */

/* Begin PBXNativeTarget section */
		657E032E226427FE0059C7FA /* Type-Tap */ = {
			isa = PBXNativeTarget;
			buildConfigurationList = 657E034C226427FE0059C7FA /* Build configuration list for PBXNativeTarget "Type-Tap" */;
			buildPhases = (
				657E032B226427FE0059C7FA /* Sources */,
				657E032C226427FE0059C7FA /* Frameworks */,
				657E032D226427FE0059C7FA /* Resources */,
			);
			buildRules = (
			);
			dependencies = (
			);
			name = "Type-Tap";
			productName = "Type-Tap";
			productReference = 657E032F226427FE0059C7FA /* Type-Tap.app */;
			productType = "com.apple.product-type.application";
		};
		657E0342226427FE0059C7FA /* Type-TapTests */ = {
			isa = PBXNativeTarget;
			buildConfigurationList = 657E034F226427FE0059C7FA /* Build configuration list for PBXNativeTarget "Type-TapTests" */;
			buildPhases = (
				657E033F226427FE0059C7FA /* Sources */,
				657E0340226427FE0059C7FA /* Frameworks */,
				657E0341226427FE0059C7FA /* Resources */,
			);
			buildRules = (
			);
			dependencies = (
				657E0345226427FE0059C7FA /* PBXTargetDependency */,
			);
			name = "Type-TapTests";
			productName = "Type-TapTests";
			productReference = 657E0343226427FE0059C7FA /* Type-TapTests.xctest */;
			productType = "com.apple.product-type.bundle.unit-test";
		};
/* End PBXNativeTarget section */

/* Begin PBXProject section */
		657E0327226427FE0059C7FA /* Project object */ = {
			isa = PBXProject;
			attributes = {
				LastSwiftUpdateCheck = 1000;
				LastUpgradeCheck = 1000;
				ORGANIZATIONNAME = "Amy An";
				TargetAttributes = {
					657E032E226427FE0059C7FA = {
						CreatedOnToolsVersion = 10.0;
					};
					657E0342226427FE0059C7FA = {
						CreatedOnToolsVersion = 10.0;
						TestTargetID = 657E032E226427FE0059C7FA;
					};
				};
			};
			buildConfigurationList = 657E032A226427FE0059C7FA /* Build configuration list for PBXProject "Type-Tap" */;
			compatibilityVersion = "Xcode 9.3";
			developmentRegion = en;
			hasScannedForEncodings = 0;
			knownRegions = (
				en,
				Base,
			);
			mainGroup = 657E0326226427FE0059C7FA;
			productRefGroup = 657E0330226427FE0059C7FA /* Products */;
			projectDirPath = "";
			projectRoot = "";
			targets = (
				657E032E226427FE0059C7FA /* Type-Tap */,
				657E0342226427FE0059C7FA /* Type-TapTests */,
			);
		};
/* End PBXProject section */

/* Begin PBXResourcesBuildPhase section */
		657E032D226427FE0059C7FA /* Resources */ = {
			isa = PBXResourcesBuildPhase;
			buildActionMask = 2147483647;
			files = (
				657E033D226427FE0059C7FA /* LaunchScreen.storyboard in Resources */,
				657E033A226427FE0059C7FA /* Assets.xcassets in Resources */,
				657E0338226427FE0059C7FA /* Main.storyboard in Resources */,
			);
			runOnlyForDeploymentPostprocessing = 0;
		};
		657E0341226427FE0059C7FA /* Resources */ = {
			isa = PBXResourcesBuildPhase;
			buildActionMask = 2147483647;
			files = (
			);
			runOnlyForDeploymentPostprocessing = 0;
		};
/* End PBXResourcesBuildPhase section */

/* Begin PBXSourcesBuildPhase section */
		657E032B226427FE0059C7FA /* Sources */ = {
			isa = PBXSourcesBuildPhase;
			buildActionMask = 2147483647;
			files = (
				657E0335226427FE0059C7FA /* ViewController.swift in Sources */,
				657E0333226427FE0059C7FA /* AppDelegate.swift in Sources */,
			);
			runOnlyForDeploymentPostprocessing = 0;
		};
		657E033F226427FE0059C7FA /* Sources */ = {
			isa = PBXSourcesBuildPhase;
			buildActionMask = 2147483647;
			files = (
				657E0348226427FE0059C7FA /* Type_TapTests.swift in Sources */,
			);
			runOnlyForDeploymentPostprocessing = 0;
		};
/* End PBXSourcesBuildPhase section */

/* Begin PBXTargetDependency section */
		657E0345226427FE0059C7FA /* PBXTargetDependency */ = {
			isa = PBXTargetDependency;
			target = 657E032E226427FE0059C7FA /* Type-Tap */;
			targetProxy = 657E0344226427FE0059C7FA /* PBXContainerItemProxy */;
		};
/* End PBXTargetDependency section */

/* Begin PBXVariantGroup section */
		657E0336226427FE0059C7FA /* Main.storyboard */ = {
			isa = PBXVariantGroup;
			children = (
				657E0337226427FE0059C7FA /* Base */,
			);
			name = Main.storyboard;
			sourceTree = "<group>";
		};
		657E033B226427FE0059C7FA /* LaunchScreen.storyboard */ = {
			isa = PBXVariantGroup;
			children = (
				657E033C226427FE0059C7FA /* Base */,
			);
			name = LaunchScreen.storyboard;
			sourceTree = "<group>";
		};
/* End PBXVariantGroup section */

/* Begin XCBuildConfiguration section */
		657E034A226427FE0059C7FA /* Debug */ = {
			isa = XCBuildConfiguration;
			buildSettings = {
				ALWAYS_SEARCH_USER_PATHS = NO;
				CLANG_ANALYZER_NONNULL = YES;
				CLANG_ANALYZER_NUMBER_OBJECT_CONVERSION = YES_AGGRESSIVE;
				CLANG_CXX_LANGUAGE_STANDARD = "gnu++14";
				CLANG_CXX_LIBRARY = "libc++";
				CLANG_ENABLE_MODULES = YES;
				CLANG_ENABLE_OBJC_ARC = YES;
				CLANG_ENABLE_OBJC_WEAK = YES;
				CLANG_WARN_BLOCK_CAPTURE_AUTORELEASING = YES;
				CLANG_WARN_BOOL_CONVERSION = YES;
				CLANG_WARN_COMMA = YES;
				CLANG_WARN_CONSTANT_CONVERSION = YES;
				CLANG_WARN_DEPRECATED_OBJC_IMPLEMENTATIONS = YES;
				CLANG_WARN_DIRECT_OBJC_ISA_USAGE = YES_ERROR;
				CLANG_WARN_DOCUMENTATION_COMMENTS = YES;
				CLANG_WARN_EMPTY_BODY = YES;
				CLANG_WARN_ENUM_CONVERSION = YES;
				CLANG_WARN_INFINITE_RECURSION = YES;
				CLANG_WARN_INT_CONVERSION = YES;
				CLANG_WARN_NON_LITERAL_NULL_CONVERSION = YES;
				CLANG_WARN_OBJC_IMPLICIT_RETAIN_SELF = YES;
				CLANG_WARN_OBJC_LITERAL_CONVERSION = YES;
				CLANG_WARN_OBJC_ROOT_CLASS = YES_ERROR;
				CLANG_WARN_RANGE_LOOP_ANALYSIS = YES;
				CLANG_WARN_STRICT_PROTOTYPES = YES;
				CLANG_WARN_SUSPICIOUS_MOVE = YES;
				CLANG_WARN_UNGUARDED_AVAILABILITY = YES_AGGRESSIVE;
				CLANG_WARN_UNREACHABLE_CODE = YES;
				CLANG_WARN__DUPLICATE_METHOD_MATCH = YES;
				CODE_SIGN_IDENTITY = "iPhone Developer";
				COPY_PHASE_STRIP = NO;
				DEBUG_INFORMATION_FORMAT = dwarf;
				ENABLE_STRICT_OBJC_MSGSEND = YES;
				ENABLE_TESTABILITY = YES;
				GCC_C_LANGUAGE_STANDARD = gnu11;
				GCC_DYNAMIC_NO_PIC = NO;
				GCC_NO_COMMON_BLOCKS = YES;
				GCC_OPTIMIZATION_LEVEL = 0;
				GCC_PREPROCESSOR_DEFINITIONS = (
					"DEBUG=1",
					"$(inherited)",
				);
				GCC_WARN_64_TO_32_BIT_CONVERSION = YES;
				GCC_WARN_ABOUT_RETURN_TYPE = YES_ERROR;
				GCC_WARN_UNDECLARED_SELECTOR = YES;
				GCC_WARN_UNINITIALIZED_AUTOS = YES_AGGRESSIVE;
				GCC_WARN_UNUSED_FUNCTION = YES;
				GCC_WARN_UNUSED_VARIABLE = YES;
				IPHONEOS_DEPLOYMENT_TARGET = 12.0;
				MTL_ENABLE_DEBUG_INFO = INCLUDE_SOURCE;
				MTL_FAST_MATH = YES;
				ONLY_ACTIVE_ARCH = YES;
				SDKROOT = iphoneos;
				SWIFT_ACTIVE_COMPILATION_CONDITIONS = DEBUG;
				SWIFT_OPTIMIZATION_LEVEL = "-Onone";
			};
			name = Debug;
		};
		657E034B226427FE0059C7FA /* Release */ = {
			isa = XCBuildConfiguration;
			buildSettings = {
				ALWAYS_SEARCH_USER_PATHS = NO;
				CLANG_ANALYZER_NONNULL = YES;
				CLANG_ANALYZER_NUMBER_OBJECT_CONVERSION = YES_AGGRESSIVE;
				CLANG_CXX_LANGUAGE_STANDARD = "gnu++14";
				CLANG_CXX_LIBRARY = "libc++";
				CLANG_ENABLE_MODULES = YES;
				CLANG_ENABLE_OBJC_ARC = YES;
				CLANG_ENABLE_OBJC_WEAK = YES;
				CLANG_WARN_BLOCK_CAPTURE_AUTORELEASING = YES;
				CLANG_WARN_BOOL_CONVERSION = YES;
				CLANG_WARN_COMMA = YES;
				CLANG_WARN_CONSTANT_CONVERSION = YES;
				CLANG_WARN_DEPRECATED_OBJC_IMPLEMENTATIONS = YES;
				CLANG_WARN_DIRECT_OBJC_ISA_USAGE = YES_ERROR;
				CLANG_WARN_DOCUMENTATION_COMMENTS = YES;
				CLANG_WARN_EMPTY_BODY = YES;
				CLANG_WARN_ENUM_CONVERSION = YES;
				CLANG_WARN_INFINITE_RECURSION = YES;
				CLANG_WARN_INT_CONVERSION = YES;
				CLANG_WARN_NON_LITERAL_NULL_CONVERSION = YES;
				CLANG_WARN_OBJC_IMPLICIT_RETAIN_SELF = YES;
				CLANG_WARN_OBJC_LITERAL_CONVERSION = YES;
				CLANG_WARN_OBJC_ROOT_CLASS = YES_ERROR;
				CLANG_WARN_RANGE_LOOP_ANALYSIS = YES;
				CLANG_WARN_STRICT_PROTOTYPES = YES;
				CLANG_WARN_SUSPICIOUS_MOVE = YES;
				CLANG_WARN_UNGUARDED_AVAILABILITY = YES_AGGRESSIVE;
				CLANG_WARN_UNREACHABLE_CODE = YES;
				CLANG_WARN__DUPLICATE_METHOD_MATCH = YES;
				CODE_SIGN_IDENTITY = "iPhone Developer";
				COPY_PHASE_STRIP = NO;
				DEBUG_INFORMATION_FORMAT = "dwarf-with-dsym";
				ENABLE_NS_ASSERTIONS = NO;
				ENABLE_STRICT_OBJC_MSGSEND = YES;
				GCC_C_LANGUAGE_STANDARD = gnu11;
				GCC_NO_COMMON_BLOCKS = YES;
				GCC_WARN_64_TO_32_BIT_CONVERSION = YES;
				GCC_WARN_ABOUT_RETURN_TYPE = YES_ERROR;
				GCC_WARN_UNDECLARED_SELECTOR = YES;
				GCC_WARN_UNINITIALIZED_AUTOS = YES_AGGRESSIVE;
				GCC_WARN_UNUSED_FUNCTION = YES;
				GCC_WARN_UNUSED_VARIABLE = YES;
				IPHONEOS_DEPLOYMENT_TARGET = 12.0;
				MTL_ENABLE_DEBUG_INFO = NO;
				MTL_FAST_MATH = YES;
				SDKROOT = iphoneos;
				SWIFT_COMPILATION_MODE = wholemodule;
				SWIFT_OPTIMIZATION_LEVEL = "-O";
				VALIDATE_PRODUCT = YES;
			};
			name = Release;
		};
		657E034D226427FE0059C7FA /* Debug */ = {
			isa = XCBuildConfiguration;
			buildSettings = {
				ASSETCATALOG_COMPILER_APPICON_NAME = AppIcon;
				CODE_SIGN_STYLE = Automatic;
				INFOPLIST_FILE = "Type-Tap/Info.plist";
				LD_RUNPATH_SEARCH_PATHS = (
					"$(inherited)",
					"@executable_path/Frameworks",
				);
				PRODUCT_BUNDLE_IDENTIFIER = "com.example.Type-Tap";
				PRODUCT_NAME = "$(TARGET_NAME)";
				SWIFT_VERSION = 4.2;
				TARGETED_DEVICE_FAMILY = "1,2";
			};
			name = Debug;
		};
		657E034E226427FE0059C7FA /* Release */ = {
			isa = XCBuildConfiguration;
			buildSettings = {
				ASSETCATALOG_COMPILER_APPICON_NAME = AppIcon;
				CODE_SIGN_STYLE = Automatic;
				INFOPLIST_FILE = "Type-Tap/Info.plist";
				LD_RUNPATH_SEARCH_PATHS = (
					"$(inherited)",
					"@executable_path/Frameworks",
				);
				PRODUCT_BUNDLE_IDENTIFIER = "com.example.Type-Tap";
				PRODUCT_NAME = "$(TARGET_NAME)";
				SWIFT_VERSION = 4.2;
				TARGETED_DEVICE_FAMILY = "1,2";
			};
			name = Release;
		};
		657E0350226427FE0059C7FA /* Debug */ = {
			isa = XCBuildConfiguration;
			buildSettings = {
				ALWAYS_EMBED_SWIFT_STANDARD_LIBRARIES = YES;
				BUNDLE_LOADER = "$(TEST_HOST)";
				CODE_SIGN_STYLE = Automatic;
				INFOPLIST_FILE = "Type-TapTests/Info.plist";
				LD_RUNPATH_SEARCH_PATHS = (
					"$(inherited)",
					"@executable_path/Frameworks",
					"@loader_path/Frameworks",
				);
				PRODUCT_BUNDLE_IDENTIFIER = "com.example.Type-TapTests";
				PRODUCT_NAME = "$(TARGET_NAME)";
				SWIFT_VERSION = 4.2;
				TARGETED_DEVICE_FAMILY = "1,2";
				TEST_HOST = "$(BUILT_PRODUCTS_DIR)/Type-Tap.app/Type-Tap";
			};
			name = Debug;
		};
		657E0351226427FE0059C7FA /* Release */ = {
			isa = XCBuildConfiguration;
			buildSettings = {
				ALWAYS_EMBED_SWIFT_STANDARD_LIBRARIES = YES;
				BUNDLE_LOADER = "$(TEST_HOST)";
				CODE_SIGN_STYLE = Automatic;
				INFOPLIST_FILE = "Type-TapTests/Info.plist";
				LD_RUNPATH_SEARCH_PATHS = (
					"$(inherited)",
					"@executable_path/Frameworks",
					"@loader_path/Frameworks",
				);
				PRODUCT_BUNDLE_IDENTIFIER = "com.example.Type-TapTests";
				PRODUCT_NAME = "$(TARGET_NAME)";
				SWIFT_VERSION = 4.2;
				TARGETED_DEVICE_FAMILY = "1,2";
				TEST_HOST = "$(BUILT_PRODUCTS_DIR)/Type-Tap.app/Type-Tap";
			};
			name = Release;
		};
/* End XCBuildConfiguration section */

/* Begin XCConfigurationList section */
		657E032A226427FE0059C7FA /* Build configuration list for PBXProject "Type-Tap" */ = {
			isa = XCConfigurationList;
			buildConfigurations = (
				657E034A226427FE0059C7FA /* Debug */,
				657E034B226427FE0059C7FA /* Release */,
			);
			defaultConfigurationIsVisible = 0;
			defaultConfigurationName = Release;
		};
		657E034C226427FE0059C7FA /* Build configuration list for PBXNativeTarget "Type-Tap" */ = {
			isa = XCConfigurationList;
			buildConfigurations = (
				657E034D226427FE0059C7FA /* Debug */,
				657E034E226427FE0059C7FA /* Release */,
			);
			defaultConfigurationIsVisible = 0;
			defaultConfigurationName = Release;
		};
		657E034F226427FE0059C7FA /* Build configuration list for PBXNativeTarget "Type-TapTests" */ = {
			isa = XCConfigurationList;
			buildConfigurations = (
				657E0350226427FE0059C7FA /* Debug */,
				657E0351226427FE0059C7FA /* Release */,
			);
			defaultConfigurationIsVisible = 0;
			defaultConfigurationName = Release;
		};
/* End XCConfigurationList section */
	};
	rootObject = 657E0327226427FE0059C7FA /* Project object */;
}
